// !$*UTF8*$!
{
	archiveVersion = 1;
	classes = {
	};
	objectVersion = 77;
	objects = {

/* Begin PBXBuildFile section */
		352826D42E6BBA4A000A426E /* DebugUtilities.swift in Sources */ = {isa = PBXBuildFile; fileRef = 352826D32E6BBA4A000A426E /* DebugUtilities.swift */; };
		352827002E6D40A5000A426E /* CalculatorEngine.swift in Sources */ = {isa = PBXBuildFile; fileRef = 352826FF2E6D40A5000A426E /* CalculatorEngine.swift */; };
		352827022E6D4170000A426E /* CalculatorTextField.swift in Sources */ = {isa = PBXBuildFile; fileRef = 352827012E6D4170000A426E /* CalculatorTextField.swift */; };
		3528271C2E6E1AA5000A426E /* CurrencyTextField.swift in Sources */ = {isa = PBXBuildFile; fileRef = 3528271B2E6E1AA5000A426E /* CurrencyTextField.swift */; };
		352828082E6E8194000A426E /* CalculatorPopupView.swift in Sources */ = {isa = PBXBuildFile; fileRef = 352828072E6E8194000A426E /* CalculatorPopupView.swift */; };
		3531FC532E498727000F2CD7 /* ContentView.swift in Sources */ = {isa = PBXBuildFile; fileRef = 3531FC502E498727000F2CD7 /* ContentView.swift */; };
		3531FC542E498727000F2CD7 /* Rideshare_TrackerApp.swift in Sources */ = {isa = PBXBuildFile; fileRef = 3531FC512E498727000F2CD7 /* Rideshare_TrackerApp.swift */; };
		3531FC5B2E498828000F2CD7 /* RideshareShift.swift in Sources */ = {isa = PBXBuildFile; fileRef = 3531FC5A2E498828000F2CD7 /* RideshareShift.swift */; };
		3531FC5D2E498840000F2CD7 /* AppPreferences.swift in Sources */ = {isa = PBXBuildFile; fileRef = 3531FC5C2E498840000F2CD7 /* AppPreferences.swift */; };
		3531FC5F2E498854000F2CD7 /* ShiftDataManager.swift in Sources */ = {isa = PBXBuildFile; fileRef = 3531FC5E2E498854000F2CD7 /* ShiftDataManager.swift */; };
		3531FC612E49887F000F2CD7 /* ShiftRowView.swift in Sources */ = {isa = PBXBuildFile; fileRef = 3531FC602E49887F000F2CD7 /* ShiftRowView.swift */; };
		3531FC632E498890000F2CD7 /* StartShiftView.swift in Sources */ = {isa = PBXBuildFile; fileRef = 3531FC622E498890000F2CD7 /* StartShiftView.swift */; };
		3531FC652E49889E000F2CD7 /* ShiftDetailView.swift in Sources */ = {isa = PBXBuildFile; fileRef = 3531FC642E49889E000F2CD7 /* ShiftDetailView.swift */; };
		3531FC672E4988AD000F2CD7 /* EndShiftView.swift in Sources */ = {isa = PBXBuildFile; fileRef = 3531FC662E4988AD000F2CD7 /* EndShiftView.swift */; };
		3531FC692E4988BB000F2CD7 /* PreferencesView.swift in Sources */ = {isa = PBXBuildFile; fileRef = 3531FC682E4988BB000F2CD7 /* PreferencesView.swift */; };
		3531FC6C2E498E2F000F2CD7 /* DateFormatter+Extensions.swift in Sources */ = {isa = PBXBuildFile; fileRef = 3531FC6A2E498C66000F2CD7 /* DateFormatter+Extensions.swift */; };
		3531FC6E2E49AF78000F2CD7 /* EditShiftView.swift in Sources */ = {isa = PBXBuildFile; fileRef = 3531FC6D2E49AF78000F2CD7 /* EditShiftView.swift */; };
		353424962E5286FF00B86346 /* NumberFormatter+Extensions.swift in Sources */ = {isa = PBXBuildFile; fileRef = 353424952E5286FF00B86346 /* NumberFormatter+Extensions.swift */; };
		355BB9052E62CB4C00028172 /* SyncLifecycleManager.swift in Sources */ = {isa = PBXBuildFile; fileRef = 355BB9042E62CB4C00028172 /* SyncLifecycleManager.swift */; };
		355BB9082E62CB7400028172 /* IncrementalSyncView.swift in Sources */ = {isa = PBXBuildFile; fileRef = 355BB9072E62CB7400028172 /* IncrementalSyncView.swift */; };
		3597BA602E5A2E8B003DA956 /* ExpenseItem.swift in Sources */ = {isa = PBXBuildFile; fileRef = 3597BA5F2E5A2E8B003DA956 /* ExpenseItem.swift */; };
		3597BA652E5A2E95003DA956 /* ExpenseListView.swift in Sources */ = {isa = PBXBuildFile; fileRef = 3597BA632E5A2E95003DA956 /* ExpenseListView.swift */; };
		3597BA662E5A2E95003DA956 /* AddExpenseView.swift in Sources */ = {isa = PBXBuildFile; fileRef = 3597BA612E5A2E95003DA956 /* AddExpenseView.swift */; };
		3597BA672E5A2E95003DA956 /* EditExpenseView.swift in Sources */ = {isa = PBXBuildFile; fileRef = 3597BA622E5A2E95003DA956 /* EditExpenseView.swift */; };
		3597BA682E5A2E95003DA956 /* MainTabView.swift in Sources */ = {isa = PBXBuildFile; fileRef = 3597BA642E5A2E95003DA956 /* MainTabView.swift */; };
		3597BA6A2E5A2E9F003DA956 /* ExpenseDataManager.swift in Sources */ = {isa = PBXBuildFile; fileRef = 3597BA692E5A2E9F003DA956 /* ExpenseDataManager.swift */; };
		3597BA6F2E5D4BE6003DA956 /* MainMenuView.swift in Sources */ = {isa = PBXBuildFile; fileRef = 3597BA6E2E5D4BE6003DA956 /* MainMenuView.swift */; };
		3597BA702E5D4BE6003DA956 /* AppInfoView.swift in Sources */ = {isa = PBXBuildFile; fileRef = 3597BA6B2E5D4BE6003DA956 /* AppInfoView.swift */; };
		3597BA712E5D4BE6003DA956 /* BackupRestoreView.swift in Sources */ = {isa = PBXBuildFile; fileRef = 3597BA6C2E5D4BE6003DA956 /* BackupRestoreView.swift */; };
		3597BA722E5D4BE6003DA956 /* ImportExportView.swift in Sources */ = {isa = PBXBuildFile; fileRef = 3597BA6D2E5D4BE6003DA956 /* ImportExportView.swift */; };
		35A841842E711EE60050192C /* ImageAttachment.swift in Sources */ = {isa = PBXBuildFile; fileRef = 35A841832E711EE60050192C /* ImageAttachment.swift */; };
		35A841862E711EF30050192C /* ImageViewerView.swift in Sources */ = {isa = PBXBuildFile; fileRef = 35A841852E711EF30050192C /* ImageViewerView.swift */; };
		35A841882E711EFF0050192C /* ImageManager.swift in Sources */ = {isa = PBXBuildFile; fileRef = 35A841872E711EFF0050192C /* ImageManager.swift */; };
		35F153AA2E66A6EA00927F88 /* CloudSyncManager.swift in Sources */ = {isa = PBXBuildFile; fileRef = 35F153A92E66A6EA00927F88 /* CloudSyncManager.swift */; };
		35F840692E56D56B00AA3EBD /* Media.xcassets in Resources */ = {isa = PBXBuildFile; fileRef = 35F840682E56D56B00AA3EBD /* Media.xcassets */; };
/* End PBXBuildFile section */

/* Begin PBXContainerItemProxy section */
		3531FC322E497ECD000F2CD7 /* PBXContainerItemProxy */ = {
			isa = PBXContainerItemProxy;
			containerPortal = 3531FC1C2E497ECC000F2CD7 /* Project object */;
			proxyType = 1;
			remoteGlobalIDString = 3531FC232E497ECC000F2CD7;
			remoteInfo = "Rideshare Tracker";
		};
		3531FC3C2E497ECD000F2CD7 /* PBXContainerItemProxy */ = {
			isa = PBXContainerItemProxy;
			containerPortal = 3531FC1C2E497ECC000F2CD7 /* Project object */;
			proxyType = 1;
			remoteGlobalIDString = 3531FC232E497ECC000F2CD7;
			remoteInfo = "Rideshare Tracker";
		};
/* End PBXContainerItemProxy section */

/* Begin PBXFileReference section */
		352826D22E6B943A000A426E /* UI_AUTOMATED_TESTING.md */ = {isa = PBXFileReference; lastKnownFileType = net.daringfireball.markdown; path = UI_AUTOMATED_TESTING.md; sourceTree = "<group>"; };
		352826D32E6BBA4A000A426E /* DebugUtilities.swift */ = {isa = PBXFileReference; lastKnownFileType = sourcecode.swift; path = DebugUtilities.swift; sourceTree = "<group>"; };
		352826FF2E6D40A5000A426E /* CalculatorEngine.swift */ = {isa = PBXFileReference; lastKnownFileType = sourcecode.swift; path = CalculatorEngine.swift; sourceTree = "<group>"; };
		352827012E6D4170000A426E /* CalculatorTextField.swift */ = {isa = PBXFileReference; lastKnownFileType = sourcecode.swift; path = CalculatorTextField.swift; sourceTree = "<group>"; };
		3528271B2E6E1AA5000A426E /* CurrencyTextField.swift */ = {isa = PBXFileReference; lastKnownFileType = sourcecode.swift; path = CurrencyTextField.swift; sourceTree = "<group>"; };
		352828072E6E8194000A426E /* CalculatorPopupView.swift */ = {isa = PBXFileReference; lastKnownFileType = sourcecode.swift; path = CalculatorPopupView.swift; sourceTree = "<group>"; };
		3531FC242E497ECC000F2CD7 /* Rideshare Tracker.app */ = {isa = PBXFileReference; explicitFileType = wrapper.application; includeInIndex = 0; path = "Rideshare Tracker.app"; sourceTree = BUILT_PRODUCTS_DIR; };
		3531FC312E497ECD000F2CD7 /* Rideshare TrackerTests.xctest */ = {isa = PBXFileReference; explicitFileType = wrapper.cfbundle; includeInIndex = 0; path = "Rideshare TrackerTests.xctest"; sourceTree = BUILT_PRODUCTS_DIR; };
		3531FC3B2E497ECD000F2CD7 /* Rideshare TrackerUITests.xctest */ = {isa = PBXFileReference; explicitFileType = wrapper.cfbundle; includeInIndex = 0; path = "Rideshare TrackerUITests.xctest"; sourceTree = BUILT_PRODUCTS_DIR; };
		3531FC502E498727000F2CD7 /* ContentView.swift */ = {isa = PBXFileReference; lastKnownFileType = sourcecode.swift; path = ContentView.swift; sourceTree = "<group>"; };
		3531FC512E498727000F2CD7 /* Rideshare_TrackerApp.swift */ = {isa = PBXFileReference; lastKnownFileType = sourcecode.swift; path = Rideshare_TrackerApp.swift; sourceTree = "<group>"; };
		3531FC5A2E498828000F2CD7 /* RideshareShift.swift */ = {isa = PBXFileReference; lastKnownFileType = sourcecode.swift; path = RideshareShift.swift; sourceTree = "<group>"; };
		3531FC5C2E498840000F2CD7 /* AppPreferences.swift */ = {isa = PBXFileReference; lastKnownFileType = sourcecode.swift; path = AppPreferences.swift; sourceTree = "<group>"; };
		3531FC5E2E498854000F2CD7 /* ShiftDataManager.swift */ = {isa = PBXFileReference; lastKnownFileType = sourcecode.swift; path = ShiftDataManager.swift; sourceTree = "<group>"; };
		3531FC602E49887F000F2CD7 /* ShiftRowView.swift */ = {isa = PBXFileReference; lastKnownFileType = sourcecode.swift; path = ShiftRowView.swift; sourceTree = "<group>"; };
		3531FC622E498890000F2CD7 /* StartShiftView.swift */ = {isa = PBXFileReference; lastKnownFileType = sourcecode.swift; path = StartShiftView.swift; sourceTree = "<group>"; };
		3531FC642E49889E000F2CD7 /* ShiftDetailView.swift */ = {isa = PBXFileReference; lastKnownFileType = sourcecode.swift; path = ShiftDetailView.swift; sourceTree = "<group>"; };
		3531FC662E4988AD000F2CD7 /* EndShiftView.swift */ = {isa = PBXFileReference; lastKnownFileType = sourcecode.swift; path = EndShiftView.swift; sourceTree = "<group>"; };
		3531FC682E4988BB000F2CD7 /* PreferencesView.swift */ = {isa = PBXFileReference; lastKnownFileType = sourcecode.swift; path = PreferencesView.swift; sourceTree = "<group>"; };
		3531FC6A2E498C66000F2CD7 /* DateFormatter+Extensions.swift */ = {isa = PBXFileReference; lastKnownFileType = sourcecode.swift; path = "DateFormatter+Extensions.swift"; sourceTree = "<group>"; };
		3531FC6D2E49AF78000F2CD7 /* EditShiftView.swift */ = {isa = PBXFileReference; lastKnownFileType = sourcecode.swift; path = EditShiftView.swift; sourceTree = "<group>"; };
		353424932E526C7C00B86346 /* TESTPLAN.md */ = {isa = PBXFileReference; lastKnownFileType = net.daringfireball.markdown; path = TESTPLAN.md; sourceTree = "<group>"; };
		353424952E5286FF00B86346 /* NumberFormatter+Extensions.swift */ = {isa = PBXFileReference; lastKnownFileType = sourcecode.swift; path = "NumberFormatter+Extensions.swift"; sourceTree = "<group>"; };
		353424982E52935300B86346 /* CLAUDE.md */ = {isa = PBXFileReference; lastKnownFileType = net.daringfireball.markdown; path = CLAUDE.md; sourceTree = "<group>"; };
		353424992E52935300B86346 /* README.md */ = {isa = PBXFileReference; lastKnownFileType = net.daringfireball.markdown; path = README.md; sourceTree = "<group>"; };
		355BB9042E62CB4C00028172 /* SyncLifecycleManager.swift */ = {isa = PBXFileReference; lastKnownFileType = sourcecode.swift; path = SyncLifecycleManager.swift; sourceTree = "<group>"; };
		355BB9072E62CB7400028172 /* IncrementalSyncView.swift */ = {isa = PBXFileReference; lastKnownFileType = sourcecode.swift; path = IncrementalSyncView.swift; sourceTree = "<group>"; };
		3597BA5F2E5A2E8B003DA956 /* ExpenseItem.swift */ = {isa = PBXFileReference; lastKnownFileType = sourcecode.swift; path = ExpenseItem.swift; sourceTree = "<group>"; };
		3597BA612E5A2E95003DA956 /* AddExpenseView.swift */ = {isa = PBXFileReference; lastKnownFileType = sourcecode.swift; path = AddExpenseView.swift; sourceTree = "<group>"; };
		3597BA622E5A2E95003DA956 /* EditExpenseView.swift */ = {isa = PBXFileReference; lastKnownFileType = sourcecode.swift; path = EditExpenseView.swift; sourceTree = "<group>"; };
		3597BA632E5A2E95003DA956 /* ExpenseListView.swift */ = {isa = PBXFileReference; lastKnownFileType = sourcecode.swift; path = ExpenseListView.swift; sourceTree = "<group>"; };
		3597BA642E5A2E95003DA956 /* MainTabView.swift */ = {isa = PBXFileReference; lastKnownFileType = sourcecode.swift; path = MainTabView.swift; sourceTree = "<group>"; };
		3597BA692E5A2E9F003DA956 /* ExpenseDataManager.swift */ = {isa = PBXFileReference; lastKnownFileType = sourcecode.swift; path = ExpenseDataManager.swift; sourceTree = "<group>"; };
		3597BA6B2E5D4BE6003DA956 /* AppInfoView.swift */ = {isa = PBXFileReference; lastKnownFileType = sourcecode.swift; path = AppInfoView.swift; sourceTree = "<group>"; };
		3597BA6C2E5D4BE6003DA956 /* BackupRestoreView.swift */ = {isa = PBXFileReference; lastKnownFileType = sourcecode.swift; path = BackupRestoreView.swift; sourceTree = "<group>"; };
		3597BA6D2E5D4BE6003DA956 /* ImportExportView.swift */ = {isa = PBXFileReference; lastKnownFileType = sourcecode.swift; path = ImportExportView.swift; sourceTree = "<group>"; };
		3597BA6E2E5D4BE6003DA956 /* MainMenuView.swift */ = {isa = PBXFileReference; lastKnownFileType = sourcecode.swift; path = MainMenuView.swift; sourceTree = "<group>"; };
		35A841832E711EE60050192C /* ImageAttachment.swift */ = {isa = PBXFileReference; lastKnownFileType = sourcecode.swift; path = ImageAttachment.swift; sourceTree = "<group>"; };
		35A841852E711EF30050192C /* ImageViewerView.swift */ = {isa = PBXFileReference; lastKnownFileType = sourcecode.swift; path = ImageViewerView.swift; sourceTree = "<group>"; };
		35A841872E711EFF0050192C /* ImageManager.swift */ = {isa = PBXFileReference; lastKnownFileType = sourcecode.swift; path = ImageManager.swift; sourceTree = "<group>"; };
		35F153A92E66A6EA00927F88 /* CloudSyncManager.swift */ = {isa = PBXFileReference; lastKnownFileType = sourcecode.swift; path = CloudSyncManager.swift; sourceTree = "<group>"; };
		35F840682E56D56B00AA3EBD /* Media.xcassets */ = {isa = PBXFileReference; lastKnownFileType = folder.assetcatalog; path = Media.xcassets; sourceTree = "<group>"; };
/* End PBXFileReference section */

/* Begin PBXFileSystemSynchronizedRootGroup section */
		3531FC342E497ECD000F2CD7 /* Rideshare TrackerTests */ = {
			isa = PBXFileSystemSynchronizedRootGroup;
			path = "Rideshare TrackerTests";
			sourceTree = "<group>";
		};
		3531FC3E2E497ECD000F2CD7 /* Rideshare TrackerUITests */ = {
			isa = PBXFileSystemSynchronizedRootGroup;
			path = "Rideshare TrackerUITests";
			sourceTree = "<group>";
		};
/* End PBXFileSystemSynchronizedRootGroup section */

/* Begin PBXFrameworksBuildPhase section */
		3531FC212E497ECC000F2CD7 /* Frameworks */ = {
			isa = PBXFrameworksBuildPhase;
			buildActionMask = 2147483647;
			files = (
			);
			runOnlyForDeploymentPostprocessing = 0;
		};
		3531FC2E2E497ECD000F2CD7 /* Frameworks */ = {
			isa = PBXFrameworksBuildPhase;
			buildActionMask = 2147483647;
			files = (
			);
			runOnlyForDeploymentPostprocessing = 0;
		};
		3531FC382E497ECD000F2CD7 /* Frameworks */ = {
			isa = PBXFrameworksBuildPhase;
			buildActionMask = 2147483647;
			files = (
			);
			runOnlyForDeploymentPostprocessing = 0;
		};
/* End PBXFrameworksBuildPhase section */

/* Begin PBXGroup section */
		3531FC1B2E497ECC000F2CD7 = {
			isa = PBXGroup;
			children = (
				353424982E52935300B86346 /* CLAUDE.md */,
				353424992E52935300B86346 /* README.md */,
				353424932E526C7C00B86346 /* TESTPLAN.md */,
				352826D22E6B943A000A426E /* UI_AUTOMATED_TESTING.md */,
				3531FC522E498727000F2CD7 /* Rideshare Tracker */,
				3531FC342E497ECD000F2CD7 /* Rideshare TrackerTests */,
				3531FC3E2E497ECD000F2CD7 /* Rideshare TrackerUITests */,
				3531FC252E497ECC000F2CD7 /* Products */,
			);
			sourceTree = "<group>";
		};
		3531FC252E497ECC000F2CD7 /* Products */ = {
			isa = PBXGroup;
			children = (
				3531FC242E497ECC000F2CD7 /* Rideshare Tracker.app */,
				3531FC312E497ECD000F2CD7 /* Rideshare TrackerTests.xctest */,
				3531FC3B2E497ECD000F2CD7 /* Rideshare TrackerUITests.xctest */,
			);
			name = Products;
			sourceTree = "<group>";
		};
		3531FC522E498727000F2CD7 /* Rideshare Tracker */ = {
			isa = PBXGroup;
			children = (
				3531FC562E49872D000F2CD7 /* Models */,
				3531FC592E498777000F2CD7 /* Views */,
				3531FC582E498770000F2CD7 /* Managers */,
				3531FC572E498762000F2CD7 /* Extensions */,
				3531FC512E498727000F2CD7 /* Rideshare_TrackerApp.swift */,
				35F840682E56D56B00AA3EBD /* Media.xcassets */,
			);
			path = "Rideshare Tracker";
			sourceTree = "<group>";
		};
		3531FC562E49872D000F2CD7 /* Models */ = {
			isa = PBXGroup;
			children = (
				35A841832E711EE60050192C /* ImageAttachment.swift */,
				3597BA5F2E5A2E8B003DA956 /* ExpenseItem.swift */,
				3531FC5C2E498840000F2CD7 /* AppPreferences.swift */,
				3531FC5A2E498828000F2CD7 /* RideshareShift.swift */,
			);
			path = Models;
			sourceTree = "<group>";
		};
		3531FC572E498762000F2CD7 /* Extensions */ = {
			isa = PBXGroup;
			children = (
				3528271B2E6E1AA5000A426E /* CurrencyTextField.swift */,
				352827012E6D4170000A426E /* CalculatorTextField.swift */,
				352826FF2E6D40A5000A426E /* CalculatorEngine.swift */,
				352826D32E6BBA4A000A426E /* DebugUtilities.swift */,
				353424952E5286FF00B86346 /* NumberFormatter+Extensions.swift */,
				3531FC6A2E498C66000F2CD7 /* DateFormatter+Extensions.swift */,
			);
			path = Extensions;
			sourceTree = "<group>";
		};
		3531FC582E498770000F2CD7 /* Managers */ = {
			isa = PBXGroup;
			children = (
				35A841872E711EFF0050192C /* ImageManager.swift */,
				35F153A92E66A6EA00927F88 /* CloudSyncManager.swift */,
				355BB9042E62CB4C00028172 /* SyncLifecycleManager.swift */,
				3597BA692E5A2E9F003DA956 /* ExpenseDataManager.swift */,
				3531FC5E2E498854000F2CD7 /* ShiftDataManager.swift */,
			);
			path = Managers;
			sourceTree = "<group>";
		};
		3531FC592E498777000F2CD7 /* Views */ = {
			isa = PBXGroup;
			children = (
				35A841852E711EF30050192C /* ImageViewerView.swift */,
				352828072E6E8194000A426E /* CalculatorPopupView.swift */,
				355BB9072E62CB7400028172 /* IncrementalSyncView.swift */,
				3597BA6B2E5D4BE6003DA956 /* AppInfoView.swift */,
				3597BA6C2E5D4BE6003DA956 /* BackupRestoreView.swift */,
				3597BA6D2E5D4BE6003DA956 /* ImportExportView.swift */,
				3597BA6E2E5D4BE6003DA956 /* MainMenuView.swift */,
				3597BA612E5A2E95003DA956 /* AddExpenseView.swift */,
				3597BA622E5A2E95003DA956 /* EditExpenseView.swift */,
				3597BA632E5A2E95003DA956 /* ExpenseListView.swift */,
				3597BA642E5A2E95003DA956 /* MainTabView.swift */,
				3531FC6D2E49AF78000F2CD7 /* EditShiftView.swift */,
				3531FC682E4988BB000F2CD7 /* PreferencesView.swift */,
				3531FC662E4988AD000F2CD7 /* EndShiftView.swift */,
				3531FC642E49889E000F2CD7 /* ShiftDetailView.swift */,
				3531FC622E498890000F2CD7 /* StartShiftView.swift */,
				3531FC602E49887F000F2CD7 /* ShiftRowView.swift */,
				3531FC502E498727000F2CD7 /* ContentView.swift */,
			);
			path = Views;
			sourceTree = "<group>";
		};
/* End PBXGroup section */

/* Begin PBXNativeTarget section */
		3531FC232E497ECC000F2CD7 /* Rideshare Tracker */ = {
			isa = PBXNativeTarget;
			buildConfigurationList = 3531FC452E497ECD000F2CD7 /* Build configuration list for PBXNativeTarget "Rideshare Tracker" */;
			buildPhases = (
				3531FC202E497ECC000F2CD7 /* Sources */,
				3534250A2E5673EA00B86346 /* Increment Build Number */,
				3531FC212E497ECC000F2CD7 /* Frameworks */,
				3531FC222E497ECC000F2CD7 /* Resources */,
			);
			buildRules = (
			);
			dependencies = (
			);
			name = "Rideshare Tracker";
			packageProductDependencies = (
			);
			productName = "Rideshare Tracker";
			productReference = 3531FC242E497ECC000F2CD7 /* Rideshare Tracker.app */;
			productType = "com.apple.product-type.application";
		};
		3531FC302E497ECD000F2CD7 /* Rideshare TrackerTests */ = {
			isa = PBXNativeTarget;
			buildConfigurationList = 3531FC482E497ECD000F2CD7 /* Build configuration list for PBXNativeTarget "Rideshare TrackerTests" */;
			buildPhases = (
				3531FC2D2E497ECD000F2CD7 /* Sources */,
				3531FC2E2E497ECD000F2CD7 /* Frameworks */,
				3531FC2F2E497ECD000F2CD7 /* Resources */,
			);
			buildRules = (
			);
			dependencies = (
				3531FC332E497ECD000F2CD7 /* PBXTargetDependency */,
			);
			fileSystemSynchronizedGroups = (
				3531FC342E497ECD000F2CD7 /* Rideshare TrackerTests */,
			);
			name = "Rideshare TrackerTests";
			packageProductDependencies = (
			);
			productName = "Rideshare TrackerTests";
			productReference = 3531FC312E497ECD000F2CD7 /* Rideshare TrackerTests.xctest */;
			productType = "com.apple.product-type.bundle.unit-test";
		};
		3531FC3A2E497ECD000F2CD7 /* Rideshare TrackerUITests */ = {
			isa = PBXNativeTarget;
			buildConfigurationList = 3531FC4B2E497ECD000F2CD7 /* Build configuration list for PBXNativeTarget "Rideshare TrackerUITests" */;
			buildPhases = (
				3531FC372E497ECD000F2CD7 /* Sources */,
				3531FC382E497ECD000F2CD7 /* Frameworks */,
				3531FC392E497ECD000F2CD7 /* Resources */,
			);
			buildRules = (
			);
			dependencies = (
				3531FC3D2E497ECD000F2CD7 /* PBXTargetDependency */,
			);
			fileSystemSynchronizedGroups = (
				3531FC3E2E497ECD000F2CD7 /* Rideshare TrackerUITests */,
			);
			name = "Rideshare TrackerUITests";
			packageProductDependencies = (
			);
			productName = "Rideshare TrackerUITests";
			productReference = 3531FC3B2E497ECD000F2CD7 /* Rideshare TrackerUITests.xctest */;
			productType = "com.apple.product-type.bundle.ui-testing";
		};
/* End PBXNativeTarget section */

/* Begin PBXProject section */
		3531FC1C2E497ECC000F2CD7 /* Project object */ = {
			isa = PBXProject;
			attributes = {
				BuildIndependentTargetsInParallel = 1;
				LastSwiftUpdateCheck = 1640;
				LastUpgradeCheck = 1640;
				TargetAttributes = {
					3531FC232E497ECC000F2CD7 = {
						CreatedOnToolsVersion = 16.4;
					};
					3531FC302E497ECD000F2CD7 = {
						CreatedOnToolsVersion = 16.4;
						TestTargetID = 3531FC232E497ECC000F2CD7;
					};
					3531FC3A2E497ECD000F2CD7 = {
						CreatedOnToolsVersion = 16.4;
						TestTargetID = 3531FC232E497ECC000F2CD7;
					};
				};
			};
			buildConfigurationList = 3531FC1F2E497ECC000F2CD7 /* Build configuration list for PBXProject "Rideshare Tracker" */;
			developmentRegion = en;
			hasScannedForEncodings = 0;
			knownRegions = (
				en,
				Base,
			);
			mainGroup = 3531FC1B2E497ECC000F2CD7;
			minimizedProjectReferenceProxies = 1;
			preferredProjectObjectVersion = 77;
			productRefGroup = 3531FC252E497ECC000F2CD7 /* Products */;
			projectDirPath = "";
			projectRoot = "";
			targets = (
				3531FC232E497ECC000F2CD7 /* Rideshare Tracker */,
				3531FC302E497ECD000F2CD7 /* Rideshare TrackerTests */,
				3531FC3A2E497ECD000F2CD7 /* Rideshare TrackerUITests */,
			);
		};
/* End PBXProject section */

/* Begin PBXResourcesBuildPhase section */
		3531FC222E497ECC000F2CD7 /* Resources */ = {
			isa = PBXResourcesBuildPhase;
			buildActionMask = 2147483647;
			files = (
				35F840692E56D56B00AA3EBD /* Media.xcassets in Resources */,
			);
			runOnlyForDeploymentPostprocessing = 0;
		};
		3531FC2F2E497ECD000F2CD7 /* Resources */ = {
			isa = PBXResourcesBuildPhase;
			buildActionMask = 2147483647;
			files = (
			);
			runOnlyForDeploymentPostprocessing = 0;
		};
		3531FC392E497ECD000F2CD7 /* Resources */ = {
			isa = PBXResourcesBuildPhase;
			buildActionMask = 2147483647;
			files = (
			);
			runOnlyForDeploymentPostprocessing = 0;
		};
/* End PBXResourcesBuildPhase section */

/* Begin PBXShellScriptBuildPhase section */
		3534250A2E5673EA00B86346 /* Increment Build Number */ = {
			isa = PBXShellScriptBuildPhase;
			alwaysOutOfDate = 1;
			buildActionMask = 2147483647;
			files = (
			);
			inputFileListPaths = (
			);
			inputPaths = (
			);
			name = "Increment Build Number";
			outputFileListPaths = (
			);
			outputPaths = (
				"",
			);
			runOnlyForDeploymentPostprocessing = 0;
			shellPath = /bin/bash;
			shellScript = "# Use Apple Generic Versioning Tool (build setting \n# \"Versioning System\" must be set to \"Apple Generic\")\n# to increment build number across all targets\nagvtool next-version -all\n";
		};
/* End PBXShellScriptBuildPhase section */

/* Begin PBXSourcesBuildPhase section */
		3531FC202E497ECC000F2CD7 /* Sources */ = {
			isa = PBXSourcesBuildPhase;
			buildActionMask = 2147483647;
			files = (
				3597BA652E5A2E95003DA956 /* ExpenseListView.swift in Sources */,
				35A841882E711EFF0050192C /* ImageManager.swift in Sources */,
				3597BA662E5A2E95003DA956 /* AddExpenseView.swift in Sources */,
				3597BA672E5A2E95003DA956 /* EditExpenseView.swift in Sources */,
				3597BA682E5A2E95003DA956 /* MainTabView.swift in Sources */,
				355BB9082E62CB7400028172 /* IncrementalSyncView.swift in Sources */,
				352827002E6D40A5000A426E /* CalculatorEngine.swift in Sources */,
				35A841862E711EF30050192C /* ImageViewerView.swift in Sources */,
				3531FC6C2E498E2F000F2CD7 /* DateFormatter+Extensions.swift in Sources */,
				353424962E5286FF00B86346 /* NumberFormatter+Extensions.swift in Sources */,
				352826D42E6BBA4A000A426E /* DebugUtilities.swift in Sources */,
				3531FC6E2E49AF78000F2CD7 /* EditShiftView.swift in Sources */,
				352828082E6E8194000A426E /* CalculatorPopupView.swift in Sources */,
				3531FC532E498727000F2CD7 /* ContentView.swift in Sources */,
				355BB9052E62CB4C00028172 /* SyncLifecycleManager.swift in Sources */,
				3531FC542E498727000F2CD7 /* Rideshare_TrackerApp.swift in Sources */,
				3531FC5F2E498854000F2CD7 /* ShiftDataManager.swift in Sources */,
				3597BA6F2E5D4BE6003DA956 /* MainMenuView.swift in Sources */,
				3597BA702E5D4BE6003DA956 /* AppInfoView.swift in Sources */,
				35F153AA2E66A6EA00927F88 /* CloudSyncManager.swift in Sources */,
				352827022E6D4170000A426E /* CalculatorTextField.swift in Sources */,
				3528271C2E6E1AA5000A426E /* CurrencyTextField.swift in Sources */,
				3597BA712E5D4BE6003DA956 /* BackupRestoreView.swift in Sources */,
				3597BA722E5D4BE6003DA956 /* ImportExportView.swift in Sources */,
				3531FC5D2E498840000F2CD7 /* AppPreferences.swift in Sources */,
				3597BA6A2E5A2E9F003DA956 /* ExpenseDataManager.swift in Sources */,
				3597BA602E5A2E8B003DA956 /* ExpenseItem.swift in Sources */,
				3531FC672E4988AD000F2CD7 /* EndShiftView.swift in Sources */,
				3531FC692E4988BB000F2CD7 /* PreferencesView.swift in Sources */,
				3531FC652E49889E000F2CD7 /* ShiftDetailView.swift in Sources */,
				35A841842E711EE60050192C /* ImageAttachment.swift in Sources */,
				3531FC612E49887F000F2CD7 /* ShiftRowView.swift in Sources */,
				3531FC632E498890000F2CD7 /* StartShiftView.swift in Sources */,
				3531FC5B2E498828000F2CD7 /* RideshareShift.swift in Sources */,
			);
			runOnlyForDeploymentPostprocessing = 0;
		};
		3531FC2D2E497ECD000F2CD7 /* Sources */ = {
			isa = PBXSourcesBuildPhase;
			buildActionMask = 2147483647;
			files = (
			);
			runOnlyForDeploymentPostprocessing = 0;
		};
		3531FC372E497ECD000F2CD7 /* Sources */ = {
			isa = PBXSourcesBuildPhase;
			buildActionMask = 2147483647;
			files = (
			);
			runOnlyForDeploymentPostprocessing = 0;
		};
/* End PBXSourcesBuildPhase section */

/* Begin PBXTargetDependency section */
		3531FC332E497ECD000F2CD7 /* PBXTargetDependency */ = {
			isa = PBXTargetDependency;
			target = 3531FC232E497ECC000F2CD7 /* Rideshare Tracker */;
			targetProxy = 3531FC322E497ECD000F2CD7 /* PBXContainerItemProxy */;
		};
		3531FC3D2E497ECD000F2CD7 /* PBXTargetDependency */ = {
			isa = PBXTargetDependency;
			target = 3531FC232E497ECC000F2CD7 /* Rideshare Tracker */;
			targetProxy = 3531FC3C2E497ECD000F2CD7 /* PBXContainerItemProxy */;
		};
/* End PBXTargetDependency section */

/* Begin XCBuildConfiguration section */
		3531FC432E497ECD000F2CD7 /* Debug */ = {
			isa = XCBuildConfiguration;
			buildSettings = {
				ALWAYS_SEARCH_USER_PATHS = NO;
				ASSETCATALOG_COMPILER_GENERATE_SWIFT_ASSET_SYMBOL_EXTENSIONS = YES;
				CLANG_ANALYZER_NONNULL = YES;
				CLANG_ANALYZER_NUMBER_OBJECT_CONVERSION = YES_AGGRESSIVE;
				CLANG_CXX_LANGUAGE_STANDARD = "gnu++20";
				CLANG_ENABLE_MODULES = YES;
				CLANG_ENABLE_OBJC_ARC = YES;
				CLANG_ENABLE_OBJC_WEAK = YES;
				CLANG_WARN_BLOCK_CAPTURE_AUTORELEASING = YES;
				CLANG_WARN_BOOL_CONVERSION = YES;
				CLANG_WARN_COMMA = YES;
				CLANG_WARN_CONSTANT_CONVERSION = YES;
				CLANG_WARN_DEPRECATED_OBJC_IMPLEMENTATIONS = YES;
				CLANG_WARN_DIRECT_OBJC_ISA_USAGE = YES_ERROR;
				CLANG_WARN_DOCUMENTATION_COMMENTS = YES;
				CLANG_WARN_EMPTY_BODY = YES;
				CLANG_WARN_ENUM_CONVERSION = YES;
				CLANG_WARN_INFINITE_RECURSION = YES;
				CLANG_WARN_INT_CONVERSION = YES;
				CLANG_WARN_NON_LITERAL_NULL_CONVERSION = YES;
				CLANG_WARN_OBJC_IMPLICIT_RETAIN_SELF = YES;
				CLANG_WARN_OBJC_LITERAL_CONVERSION = YES;
				CLANG_WARN_OBJC_ROOT_CLASS = YES_ERROR;
				CLANG_WARN_QUOTED_INCLUDE_IN_FRAMEWORK_HEADER = YES;
				CLANG_WARN_RANGE_LOOP_ANALYSIS = YES;
				CLANG_WARN_STRICT_PROTOTYPES = YES;
				CLANG_WARN_SUSPICIOUS_MOVE = YES;
				CLANG_WARN_UNGUARDED_AVAILABILITY = YES_AGGRESSIVE;
				CLANG_WARN_UNREACHABLE_CODE = YES;
				CLANG_WARN__DUPLICATE_METHOD_MATCH = YES;
				COPY_PHASE_STRIP = NO;
				DEBUG_INFORMATION_FORMAT = dwarf;
				DEVELOPMENT_TEAM = 9W9PZ48ZRL;
				ENABLE_STRICT_OBJC_MSGSEND = YES;
				ENABLE_TESTABILITY = YES;
				ENABLE_USER_SCRIPT_SANDBOXING = YES;
				GCC_C_LANGUAGE_STANDARD = gnu17;
				GCC_DYNAMIC_NO_PIC = NO;
				GCC_NO_COMMON_BLOCKS = YES;
				GCC_OPTIMIZATION_LEVEL = 0;
				GCC_PREPROCESSOR_DEFINITIONS = (
					"DEBUG=1",
					"$(inherited)",
				);
				GCC_WARN_64_TO_32_BIT_CONVERSION = YES;
				GCC_WARN_ABOUT_RETURN_TYPE = YES_ERROR;
				GCC_WARN_UNDECLARED_SELECTOR = YES;
				GCC_WARN_UNINITIALIZED_AUTOS = YES_AGGRESSIVE;
				GCC_WARN_UNUSED_FUNCTION = YES;
				GCC_WARN_UNUSED_VARIABLE = YES;
				IPHONEOS_DEPLOYMENT_TARGET = 18.5;
				LOCALIZATION_PREFERS_STRING_CATALOGS = YES;
				MTL_ENABLE_DEBUG_INFO = INCLUDE_SOURCE;
				MTL_FAST_MATH = YES;
				ONLY_ACTIVE_ARCH = YES;
				SDKROOT = iphoneos;
				SWIFT_ACTIVE_COMPILATION_CONDITIONS = "DEBUG $(inherited)";
				SWIFT_OPTIMIZATION_LEVEL = "-Onone";
			};
			name = Debug;
		};
		3531FC442E497ECD000F2CD7 /* Release */ = {
			isa = XCBuildConfiguration;
			buildSettings = {
				ALWAYS_SEARCH_USER_PATHS = NO;
				ASSETCATALOG_COMPILER_GENERATE_SWIFT_ASSET_SYMBOL_EXTENSIONS = YES;
				CLANG_ANALYZER_NONNULL = YES;
				CLANG_ANALYZER_NUMBER_OBJECT_CONVERSION = YES_AGGRESSIVE;
				CLANG_CXX_LANGUAGE_STANDARD = "gnu++20";
				CLANG_ENABLE_MODULES = YES;
				CLANG_ENABLE_OBJC_ARC = YES;
				CLANG_ENABLE_OBJC_WEAK = YES;
				CLANG_WARN_BLOCK_CAPTURE_AUTORELEASING = YES;
				CLANG_WARN_BOOL_CONVERSION = YES;
				CLANG_WARN_COMMA = YES;
				CLANG_WARN_CONSTANT_CONVERSION = YES;
				CLANG_WARN_DEPRECATED_OBJC_IMPLEMENTATIONS = YES;
				CLANG_WARN_DIRECT_OBJC_ISA_USAGE = YES_ERROR;
				CLANG_WARN_DOCUMENTATION_COMMENTS = YES;
				CLANG_WARN_EMPTY_BODY = YES;
				CLANG_WARN_ENUM_CONVERSION = YES;
				CLANG_WARN_INFINITE_RECURSION = YES;
				CLANG_WARN_INT_CONVERSION = YES;
				CLANG_WARN_NON_LITERAL_NULL_CONVERSION = YES;
				CLANG_WARN_OBJC_IMPLICIT_RETAIN_SELF = YES;
				CLANG_WARN_OBJC_LITERAL_CONVERSION = YES;
				CLANG_WARN_OBJC_ROOT_CLASS = YES_ERROR;
				CLANG_WARN_QUOTED_INCLUDE_IN_FRAMEWORK_HEADER = YES;
				CLANG_WARN_RANGE_LOOP_ANALYSIS = YES;
				CLANG_WARN_STRICT_PROTOTYPES = YES;
				CLANG_WARN_SUSPICIOUS_MOVE = YES;
				CLANG_WARN_UNGUARDED_AVAILABILITY = YES_AGGRESSIVE;
				CLANG_WARN_UNREACHABLE_CODE = YES;
				CLANG_WARN__DUPLICATE_METHOD_MATCH = YES;
				COPY_PHASE_STRIP = NO;
				DEBUG_INFORMATION_FORMAT = "dwarf-with-dsym";
				DEVELOPMENT_TEAM = 9W9PZ48ZRL;
				ENABLE_NS_ASSERTIONS = NO;
				ENABLE_STRICT_OBJC_MSGSEND = YES;
				ENABLE_USER_SCRIPT_SANDBOXING = YES;
				GCC_C_LANGUAGE_STANDARD = gnu17;
				GCC_NO_COMMON_BLOCKS = YES;
				GCC_WARN_64_TO_32_BIT_CONVERSION = YES;
				GCC_WARN_ABOUT_RETURN_TYPE = YES_ERROR;
				GCC_WARN_UNDECLARED_SELECTOR = YES;
				GCC_WARN_UNINITIALIZED_AUTOS = YES_AGGRESSIVE;
				GCC_WARN_UNUSED_FUNCTION = YES;
				GCC_WARN_UNUSED_VARIABLE = YES;
				IPHONEOS_DEPLOYMENT_TARGET = 18.5;
				LOCALIZATION_PREFERS_STRING_CATALOGS = YES;
				MTL_ENABLE_DEBUG_INFO = NO;
				MTL_FAST_MATH = YES;
				SDKROOT = iphoneos;
				SWIFT_COMPILATION_MODE = wholemodule;
				VALIDATE_PRODUCT = YES;
			};
			name = Release;
		};
		3531FC462E497ECD000F2CD7 /* Debug */ = {
			isa = XCBuildConfiguration;
			buildSettings = {
				ASSETCATALOG_COMPILER_APPICON_NAME = AppIcon;
				ASSETCATALOG_COMPILER_GLOBAL_ACCENT_COLOR_NAME = AccentColor;
				ASSETCATALOG_COMPILER_INCLUDE_ALL_APPICON_ASSETS = YES;
				CODE_SIGN_STYLE = Automatic;
				CURRENT_PROJECT_VERSION = 502;
				DEVELOPMENT_TEAM = 9W9PZ48ZRL;
				ENABLE_PREVIEWS = YES;
				ENABLE_USER_SCRIPT_SANDBOXING = NO;
				GENERATE_INFOPLIST_FILE = YES;
				INFOPLIST_KEY_UIApplicationSceneManifest_Generation = YES;
				INFOPLIST_KEY_UIApplicationSupportsIndirectInputEvents = YES;
				INFOPLIST_KEY_UILaunchScreen_Generation = YES;
				INFOPLIST_KEY_UISupportedInterfaceOrientations_iPad = "UIInterfaceOrientationPortrait UIInterfaceOrientationPortraitUpsideDown UIInterfaceOrientationLandscapeLeft UIInterfaceOrientationLandscapeRight";
				INFOPLIST_KEY_UISupportedInterfaceOrientations_iPhone = "UIInterfaceOrientationPortrait UIInterfaceOrientationLandscapeLeft UIInterfaceOrientationLandscapeRight";
				IPHONEOS_DEPLOYMENT_TARGET = 17.0;
				LD_RUNPATH_SEARCH_PATHS = (
					"$(inherited)",
					"@executable_path/Frameworks",
				);
				MARKETING_VERSION = 1.0;
				PRODUCT_BUNDLE_IDENTIFIER = "mobi.gnagz.ridesharertracker.Rideshare-Tracker";
				PRODUCT_NAME = "$(TARGET_NAME)";
				SUPPORTED_PLATFORMS = "iphoneos iphonesimulator";
				SUPPORTS_MACCATALYST = NO;
				SUPPORTS_XR_DESIGNED_FOR_IPHONE_IPAD = NO;
				SWIFT_EMIT_LOC_STRINGS = YES;
				SWIFT_VERSION = 5.0;
				TARGETED_DEVICE_FAMILY = "1,2";
				VERSIONING_SYSTEM = "apple-generic";
			};
			name = Debug;
		};
		3531FC472E497ECD000F2CD7 /* Release */ = {
			isa = XCBuildConfiguration;
			buildSettings = {
				ASSETCATALOG_COMPILER_APPICON_NAME = AppIcon;
				ASSETCATALOG_COMPILER_GLOBAL_ACCENT_COLOR_NAME = AccentColor;
				ASSETCATALOG_COMPILER_INCLUDE_ALL_APPICON_ASSETS = YES;
				CODE_SIGN_STYLE = Automatic;
				CURRENT_PROJECT_VERSION = 502;
				DEVELOPMENT_TEAM = 9W9PZ48ZRL;
				ENABLE_PREVIEWS = YES;
				ENABLE_USER_SCRIPT_SANDBOXING = NO;
				GENERATE_INFOPLIST_FILE = YES;
				INFOPLIST_KEY_UIApplicationSceneManifest_Generation = YES;
				INFOPLIST_KEY_UIApplicationSupportsIndirectInputEvents = YES;
				INFOPLIST_KEY_UILaunchScreen_Generation = YES;
				INFOPLIST_KEY_UISupportedInterfaceOrientations_iPad = "UIInterfaceOrientationPortrait UIInterfaceOrientationPortraitUpsideDown UIInterfaceOrientationLandscapeLeft UIInterfaceOrientationLandscapeRight";
				INFOPLIST_KEY_UISupportedInterfaceOrientations_iPhone = "UIInterfaceOrientationPortrait UIInterfaceOrientationLandscapeLeft UIInterfaceOrientationLandscapeRight";
				IPHONEOS_DEPLOYMENT_TARGET = 17.0;
				LD_RUNPATH_SEARCH_PATHS = (
					"$(inherited)",
					"@executable_path/Frameworks",
				);
				MARKETING_VERSION = 1.0;
				PRODUCT_BUNDLE_IDENTIFIER = "mobi.gnagz.ridesharertracker.Rideshare-Tracker";
				PRODUCT_NAME = "$(TARGET_NAME)";
				SUPPORTED_PLATFORMS = "iphoneos iphonesimulator";
				SUPPORTS_MACCATALYST = NO;
				SUPPORTS_XR_DESIGNED_FOR_IPHONE_IPAD = NO;
				SWIFT_EMIT_LOC_STRINGS = YES;
				SWIFT_VERSION = 5.0;
				TARGETED_DEVICE_FAMILY = "1,2";
				VERSIONING_SYSTEM = "apple-generic";
			};
			name = Release;
		};
		3531FC492E497ECD000F2CD7 /* Debug */ = {
			isa = XCBuildConfiguration;
			buildSettings = {
				BUNDLE_LOADER = "$(TEST_HOST)";
				CODE_SIGN_STYLE = Automatic;
				CURRENT_PROJECT_VERSION = 502;
				DEVELOPMENT_TEAM = 9W9PZ48ZRL;
				GENERATE_INFOPLIST_FILE = YES;
				IPHONEOS_DEPLOYMENT_TARGET = 18.5;
				MARKETING_VERSION = 1.0;
				PRODUCT_BUNDLE_IDENTIFIER = "mobi.gnagz.ridesharertracker.Rideshare-TrackerTests";
				PRODUCT_NAME = "$(TARGET_NAME)";
				SWIFT_EMIT_LOC_STRINGS = NO;
				SWIFT_VERSION = 5.0;
				TARGETED_DEVICE_FAMILY = "1,2";
				TEST_HOST = "$(BUILT_PRODUCTS_DIR)/Rideshare Tracker.app/$(BUNDLE_EXECUTABLE_FOLDER_PATH)/Rideshare Tracker";
			};
			name = Debug;
		};
		3531FC4A2E497ECD000F2CD7 /* Release */ = {
			isa = XCBuildConfiguration;
			buildSettings = {
				BUNDLE_LOADER = "$(TEST_HOST)";
				CODE_SIGN_STYLE = Automatic;
				CURRENT_PROJECT_VERSION = 502;
				DEVELOPMENT_TEAM = 9W9PZ48ZRL;
				GENERATE_INFOPLIST_FILE = YES;
				IPHONEOS_DEPLOYMENT_TARGET = 18.5;
				MARKETING_VERSION = 1.0;
				PRODUCT_BUNDLE_IDENTIFIER = "mobi.gnagz.ridesharertracker.Rideshare-TrackerTests";
				PRODUCT_NAME = "$(TARGET_NAME)";
				SWIFT_EMIT_LOC_STRINGS = NO;
				SWIFT_VERSION = 5.0;
				TARGETED_DEVICE_FAMILY = "1,2";
				TEST_HOST = "$(BUILT_PRODUCTS_DIR)/Rideshare Tracker.app/$(BUNDLE_EXECUTABLE_FOLDER_PATH)/Rideshare Tracker";
			};
			name = Release;
		};
		3531FC4C2E497ECD000F2CD7 /* Debug */ = {
			isa = XCBuildConfiguration;
			buildSettings = {
				CODE_SIGN_STYLE = Automatic;
				CURRENT_PROJECT_VERSION = 502;
				DEVELOPMENT_TEAM = 9W9PZ48ZRL;
				GENERATE_INFOPLIST_FILE = YES;
				MARKETING_VERSION = 1.0;
				PRODUCT_BUNDLE_IDENTIFIER = "mobi.gnagz.ridesharertracker.Rideshare-TrackerUITests";
				PRODUCT_NAME = "$(TARGET_NAME)";
				SWIFT_EMIT_LOC_STRINGS = NO;
				SWIFT_VERSION = 5.0;
				TARGETED_DEVICE_FAMILY = "1,2";
				TEST_TARGET_NAME = "Rideshare Tracker";
			};
			name = Debug;
		};
		3531FC4D2E497ECD000F2CD7 /* Release */ = {
			isa = XCBuildConfiguration;
			buildSettings = {
				CODE_SIGN_STYLE = Automatic;
				CURRENT_PROJECT_VERSION = 502;
				DEVELOPMENT_TEAM = 9W9PZ48ZRL;
				GENERATE_INFOPLIST_FILE = YES;
				MARKETING_VERSION = 1.0;
				PRODUCT_BUNDLE_IDENTIFIER = "mobi.gnagz.ridesharertracker.Rideshare-TrackerUITests";
				PRODUCT_NAME = "$(TARGET_NAME)";
				SWIFT_EMIT_LOC_STRINGS = NO;
				SWIFT_VERSION = 5.0;
				TARGETED_DEVICE_FAMILY = "1,2";
				TEST_TARGET_NAME = "Rideshare Tracker";
			};
			name = Release;
		};
/* End XCBuildConfiguration section */

/* Begin XCConfigurationList section */
		3531FC1F2E497ECC000F2CD7 /* Build configuration list for PBXProject "Rideshare Tracker" */ = {
			isa = XCConfigurationList;
			buildConfigurations = (
				3531FC432E497ECD000F2CD7 /* Debug */,
				3531FC442E497ECD000F2CD7 /* Release */,
			);
			defaultConfigurationIsVisible = 0;
			defaultConfigurationName = Release;
		};
		3531FC452E497ECD000F2CD7 /* Build configuration list for PBXNativeTarget "Rideshare Tracker" */ = {
			isa = XCConfigurationList;
			buildConfigurations = (
				3531FC462E497ECD000F2CD7 /* Debug */,
				3531FC472E497ECD000F2CD7 /* Release */,
			);
			defaultConfigurationIsVisible = 0;
			defaultConfigurationName = Release;
		};
		3531FC482E497ECD000F2CD7 /* Build configuration list for PBXNativeTarget "Rideshare TrackerTests" */ = {
			isa = XCConfigurationList;
			buildConfigurations = (
				3531FC492E497ECD000F2CD7 /* Debug */,
				3531FC4A2E497ECD000F2CD7 /* Release */,
			);
			defaultConfigurationIsVisible = 0;
			defaultConfigurationName = Release;
		};
		3531FC4B2E497ECD000F2CD7 /* Build configuration list for PBXNativeTarget "Rideshare TrackerUITests" */ = {
			isa = XCConfigurationList;
			buildConfigurations = (
				3531FC4C2E497ECD000F2CD7 /* Debug */,
				3531FC4D2E497ECD000F2CD7 /* Release */,
			);
			defaultConfigurationIsVisible = 0;
			defaultConfigurationName = Release;
		};
/* End XCConfigurationList section */
	};
	rootObject = 3531FC1C2E497ECC000F2CD7 /* Project object */;
}
