// !$*UTF8*$!
{
	archiveVersion = 1;
	classes = {
	};
	objectVersion = 77;
	objects = {

/* Begin PBXContainerItemProxy section */
		3531FC322E497ECD000F2CD7 /* PBXContainerItemProxy */ = {
			isa = PBXContainerItemProxy;
			containerPortal = 3531FC1C2E497ECC000F2CD7 /* Project object */;
			proxyType = 1;
			remoteGlobalIDString = 3531FC232E497ECC000F2CD7;
			remoteInfo = "Rideshare Tracker";
		};
		3531FC3C2E497ECD000F2CD7 /* PBXContainerItemProxy */ = {
			isa = PBXContainerItemProxy;
			containerPortal = 3531FC1C2E497ECC000F2CD7 /* Project object */;
			proxyType = 1;
			remoteGlobalIDString = 3531FC232E497ECC000F2CD7;
			remoteInfo = "Rideshare Tracker";
		};
/* End PBXContainerItemProxy section */

/* Begin PBXFileReference section */
		3531FC242E497ECC000F2CD7 /* Rideshare Tracker.app */ = {isa = PBXFileReference; explicitFileType = wrapper.application; includeInIndex = 0; path = "Rideshare Tracker.app"; sourceTree = BUILT_PRODUCTS_DIR; };
		3531FC312E497ECD000F2CD7 /* Rideshare TrackerTests.xctest */ = {isa = PBXFileReference; explicitFileType = wrapper.cfbundle; includeInIndex = 0; path = "Rideshare TrackerTests.xctest"; sourceTree = BUILT_PRODUCTS_DIR; };
		3531FC3B2E497ECD000F2CD7 /* Rideshare TrackerUITests.xctest */ = {isa = PBXFileReference; explicitFileType = wrapper.cfbundle; includeInIndex = 0; path = "Rideshare TrackerUITests.xctest"; sourceTree = BUILT_PRODUCTS_DIR; };
/* End PBXFileReference section */

/* Begin PBXFileSystemSynchronizedRootGroup section */
		3531FC262E497ECC000F2CD7 /* Rideshare Tracker */ = {
			isa = PBXFileSystemSynchronizedRootGroup;
			path = "Rideshare Tracker";
			sourceTree = "<group>";
		};
		3531FC342E497ECD000F2CD7 /* Rideshare TrackerTests */ = {
			isa = PBXFileSystemSynchronizedRootGroup;
			path = "Rideshare TrackerTests";
			sourceTree = "<group>";
		};
		3531FC3E2E497ECD000F2CD7 /* Rideshare TrackerUITests */ = {
			isa = PBXFileSystemSynchronizedRootGroup;
			path = "Rideshare TrackerUITests";
			sourceTree = "<group>";
		};
/* End PBXFileSystemSynchronizedRootGroup section */

/* Begin PBXFrameworksBuildPhase section */
		3531FC212E497ECC000F2CD7 /* Frameworks */ = {
			isa = PBXFrameworksBuildPhase;
			buildActionMask = 2147483647;
			files = (
			);
			runOnlyForDeploymentPostprocessing = 0;
		};
		3531FC2E2E497ECD000F2CD7 /* Frameworks */ = {
			isa = PBXFrameworksBuildPhase;
			buildActionMask = 2147483647;
			files = (
			);
			runOnlyForDeploymentPostprocessing = 0;
		};
		3531FC382E497ECD000F2CD7 /* Frameworks */ = {
			isa = PBXFrameworksBuildPhase;
			buildActionMask = 2147483647;
			files = (
			);
			runOnlyForDeploymentPostprocessing = 0;
		};
/* End PBXFrameworksBuildPhase section */

/* Begin PBXGroup section */
		3531FC1B2E497ECC000F2CD7 = {
			isa = PBXGroup;
			children = (
				3531FC262E497ECC000F2CD7 /* Rideshare Tracker */,
				3531FC342E497ECD000F2CD7 /* Rideshare TrackerTests */,
				3531FC3E2E497ECD000F2CD7 /* Rideshare TrackerUITests */,
				3531FC252E497ECC000F2CD7 /* Products */,
			);
			sourceTree = "<group>";
		};
		3531FC252E497ECC000F2CD7 /* Products */ = {
			isa = PBXGroup;
			children = (
				3531FC242E497ECC000F2CD7 /* Rideshare Tracker.app */,
				3531FC312E497ECD000F2CD7 /* Rideshare TrackerTests.xctest */,
				3531FC3B2E497ECD000F2CD7 /* Rideshare TrackerUITests.xctest */,
			);
			name = Products;
			sourceTree = "<group>";
		};
/* End PBXGroup section */

/* Begin PBXNativeTarget section */
		3531FC232E497ECC000F2CD7 /* Rideshare Tracker */ = {
			isa = PBXNativeTarget;
			buildConfigurationList = 3531FC452E497ECD000F2CD7 /* Build configuration list for PBXNativeTarget "Rideshare Tracker" */;
			buildPhases = (
				3531FC202E497ECC000F2CD7 /* Sources */,
				3531FC212E497ECC000F2CD7 /* Frameworks */,
				3531FC222E497ECC000F2CD7 /* Resources */,
			);
			buildRules = (
			);
			dependencies = (
			);
			fileSystemSynchronizedGroups = (
				3531FC262E497ECC000F2CD7 /* Rideshare Tracker */,
			);
			name = "Rideshare Tracker";
			packageProductDependencies = (
			);
			productName = "Rideshare Tracker";
			productReference = 3531FC242E497ECC000F2CD7 /* Rideshare Tracker.app */;
			productType = "com.apple.product-type.application";
		};
		3531FC302E497ECD000F2CD7 /* Rideshare TrackerTests */ = {
			isa = PBXNativeTarget;
			buildConfigurationList = 3531FC482E497ECD000F2CD7 /* Build configuration list for PBXNativeTarget "Rideshare TrackerTests" */;
			buildPhases = (
				3531FC2D2E497ECD000F2CD7 /* Sources */,
				3531FC2E2E497ECD000F2CD7 /* Frameworks */,
				3531FC2F2E497ECD000F2CD7 /* Resources */,
			);
			buildRules = (
			);
			dependencies = (
				3531FC332E497ECD000F2CD7 /* PBXTargetDependency */,
			);
			fileSystemSynchronizedGroups = (
				3531FC342E497ECD000F2CD7 /* Rideshare TrackerTests */,
			);
			name = "Rideshare TrackerTests";
			packageProductDependencies = (
			);
			productName = "Rideshare TrackerTests";
			productReference = 3531FC312E497ECD000F2CD7 /* Rideshare TrackerTests.xctest */;
			productType = "com.apple.product-type.bundle.unit-test";
		};
		3531FC3A2E497ECD000F2CD7 /* Rideshare TrackerUITests */ = {
			isa = PBXNativeTarget;
			buildConfigurationList = 3531FC4B2E497ECD000F2CD7 /* Build configuration list for PBXNativeTarget "Rideshare TrackerUITests" */;
			buildPhases = (
				3531FC372E497ECD000F2CD7 /* Sources */,
				3531FC382E497ECD000F2CD7 /* Frameworks */,
				3531FC392E497ECD000F2CD7 /* Resources */,
			);
			buildRules = (
			);
			dependencies = (
				3531FC3D2E497ECD000F2CD7 /* PBXTargetDependency */,
			);
			fileSystemSynchronizedGroups = (
				3531FC3E2E497ECD000F2CD7 /* Rideshare TrackerUITests */,
			);
			name = "Rideshare TrackerUITests";
			packageProductDependencies = (
			);
			productName = "Rideshare TrackerUITests";
			productReference = 3531FC3B2E497ECD000F2CD7 /* Rideshare TrackerUITests.xctest */;
			productType = "com.apple.product-type.bundle.ui-testing";
		};
/* End PBXNativeTarget section */

/* Begin PBXProject section */
		3531FC1C2E497ECC000F2CD7 /* Project object */ = {
			isa = PBXProject;
			attributes = {
				BuildIndependentTargetsInParallel = 1;
				LastSwiftUpdateCheck = 1640;
				LastUpgradeCheck = 1640;
				TargetAttributes = {
					3531FC232E497ECC000F2CD7 = {
						CreatedOnToolsVersion = 16.4;
					};
					3531FC302E497ECD000F2CD7 = {
						CreatedOnToolsVersion = 16.4;
						TestTargetID = 3531FC232E497ECC000F2CD7;
					};
					3531FC3A2E497ECD000F2CD7 = {
						CreatedOnToolsVersion = 16.4;
						TestTargetID = 3531FC232E497ECC000F2CD7;
					};
				};
			};
			buildConfigurationList = 3531FC1F2E497ECC000F2CD7 /* Build configuration list for PBXProject "Rideshare Tracker" */;
			developmentRegion = en;
			hasScannedForEncodings = 0;
			knownRegions = (
				en,
				Base,
			);
			mainGroup = 3531FC1B2E497ECC000F2CD7;
			minimizedProjectReferenceProxies = 1;
			preferredProjectObjectVersion = 77;
			productRefGroup = 3531FC252E497ECC000F2CD7 /* Products */;
			projectDirPath = "";
			projectRoot = "";
			targets = (
				3531FC232E497ECC000F2CD7 /* Rideshare Tracker */,
				3531FC302E497ECD000F2CD7 /* Rideshare TrackerTests */,
				3531FC3A2E497ECD000F2CD7 /* Rideshare TrackerUITests */,
			);
		};
/* End PBXProject section */

/* Begin PBXResourcesBuildPhase section */
		3531FC222E497ECC000F2CD7 /* Resources */ = {
			isa = PBXResourcesBuildPhase;
			buildActionMask = 2147483647;
			files = (
			);
			runOnlyForDeploymentPostprocessing = 0;
		};
		3531FC2F2E497ECD000F2CD7 /* Resources */ = {
			isa = PBXResourcesBuildPhase;
			buildActionMask = 2147483647;
			files = (
			);
			runOnlyForDeploymentPostprocessing = 0;
		};
		3531FC392E497ECD000F2CD7 /* Resources */ = {
			isa = PBXResourcesBuildPhase;
			buildActionMask = 2147483647;
			files = (
			);
			runOnlyForDeploymentPostprocessing = 0;
		};
/* End PBXResourcesBuildPhase section */

/* Begin PBXSourcesBuildPhase section */
		3531FC202E497ECC000F2CD7 /* Sources */ = {
			isa = PBXSourcesBuildPhase;
			buildActionMask = 2147483647;
			files = (
			);
			runOnlyForDeploymentPostprocessing = 0;
		};
		3531FC2D2E497ECD000F2CD7 /* Sources */ = {
			isa = PBXSourcesBuildPhase;
			buildActionMask = 2147483647;
			files = (
			);
			runOnlyForDeploymentPostprocessing = 0;
		};
		3531FC372E497ECD000F2CD7 /* Sources */ = {
			isa = PBXSourcesBuildPhase;
			buildActionMask = 2147483647;
			files = (
			);
			runOnlyForDeploymentPostprocessing = 0;
		};
/* End PBXSourcesBuildPhase section */

/* Begin PBXTargetDependency section */
		3531FC332E497ECD000F2CD7 /* PBXTargetDependency */ = {
			isa = PBXTargetDependency;
			target = 3531FC232E497ECC000F2CD7 /* Rideshare Tracker */;
			targetProxy = 3531FC322E497ECD000F2CD7 /* PBXContainerItemProxy */;
		};
		3531FC3D2E497ECD000F2CD7 /* PBXTargetDependency */ = {
			isa = PBXTargetDependency;
			target = 3531FC232E497ECC000F2CD7 /* Rideshare Tracker */;
			targetProxy = 3531FC3C2E497ECD000F2CD7 /* PBXContainerItemProxy */;
		};
/* End PBXTargetDependency section */

/* Begin XCBuildConfiguration section */
		3531FC432E497ECD000F2CD7 /* Debug */ = {
			isa = XCBuildConfiguration;
			buildSettings = {
				ALWAYS_SEARCH_USER_PATHS = NO;
				ASSETCATALOG_COMPILER_GENERATE_SWIFT_ASSET_SYMBOL_EXTENSIONS = YES;
				CLANG_ANALYZER_NONNULL = YES;
				CLANG_ANALYZER_NUMBER_OBJECT_CONVERSION = YES_AGGRESSIVE;
				CLANG_CXX_LANGUAGE_STANDARD = "gnu++20";
				CLANG_ENABLE_MODULES = YES;
				CLANG_ENABLE_OBJC_ARC = YES;
				CLANG_ENABLE_OBJC_WEAK = YES;
				CLANG_WARN_BLOCK_CAPTURE_AUTORELEASING = YES;
				CLANG_WARN_BOOL_CONVERSION = YES;
				CLANG_WARN_COMMA = YES;
				CLANG_WARN_CONSTANT_CONVERSION = YES;
				CLANG_WARN_DEPRECATED_OBJC_IMPLEMENTATIONS = YES;
				CLANG_WARN_DIRECT_OBJC_ISA_USAGE = YES_ERROR;
				CLANG_WARN_DOCUMENTATION_COMMENTS = YES;
				CLANG_WARN_EMPTY_BODY = YES;
				CLANG_WARN_ENUM_CONVERSION = YES;
				CLANG_WARN_INFINITE_RECURSION = YES;
				CLANG_WARN_INT_CONVERSION = YES;
				CLANG_WARN_NON_LITERAL_NULL_CONVERSION = YES;
				CLANG_WARN_OBJC_IMPLICIT_RETAIN_SELF = YES;
				CLANG_WARN_OBJC_LITERAL_CONVERSION = YES;
				CLANG_WARN_OBJC_ROOT_CLASS = YES_ERROR;
				CLANG_WARN_QUOTED_INCLUDE_IN_FRAMEWORK_HEADER = YES;
				CLANG_WARN_RANGE_LOOP_ANALYSIS = YES;
				CLANG_WARN_STRICT_PROTOTYPES = YES;
				CLANG_WARN_SUSPICIOUS_MOVE = YES;
				CLANG_WARN_UNGUARDED_AVAILABILITY = YES_AGGRESSIVE;
				CLANG_WARN_UNREACHABLE_CODE = YES;
				CLANG_WARN__DUPLICATE_METHOD_MATCH = YES;
				COPY_PHASE_STRIP = NO;
				DEBUG_INFORMATION_FORMAT = dwarf;
				DEVELOPMENT_TEAM = 9W9PZ48ZRL;
				ENABLE_STRICT_OBJC_MSGSEND = YES;
				ENABLE_TESTABILITY = YES;
				ENABLE_USER_SCRIPT_SANDBOXING = YES;
				GCC_C_LANGUAGE_STANDARD = gnu17;
				GCC_DYNAMIC_NO_PIC = NO;
				GCC_NO_COMMON_BLOCKS = YES;
				GCC_OPTIMIZATION_LEVEL = 0;
				GCC_PREPROCESSOR_DEFINITIONS = (
					"DEBUG=1",
					"$(inherited)",
				);
				GCC_WARN_64_TO_32_BIT_CONVERSION = YES;
				GCC_WARN_ABOUT_RETURN_TYPE = YES_ERROR;
				GCC_WARN_UNDECLARED_SELECTOR = YES;
				GCC_WARN_UNINITIALIZED_AUTOS = YES_AGGRESSIVE;
				GCC_WARN_UNUSED_FUNCTION = YES;
				GCC_WARN_UNUSED_VARIABLE = YES;
				IPHONEOS_DEPLOYMENT_TARGET = 18.5;
				LOCALIZATION_PREFERS_STRING_CATALOGS = YES;
				MTL_ENABLE_DEBUG_INFO = INCLUDE_SOURCE;
				MTL_FAST_MATH = YES;
				ONLY_ACTIVE_ARCH = YES;
				SDKROOT = iphoneos;
				SWIFT_ACTIVE_COMPILATION_CONDITIONS = "DEBUG $(inherited)";
				SWIFT_OPTIMIZATION_LEVEL = "-Onone";
			};
			name = Debug;
		};
		3531FC442E497ECD000F2CD7 /* Release */ = {
			isa = XCBuildConfiguration;
			buildSettings = {
				ALWAYS_SEARCH_USER_PATHS = NO;
				ASSETCATALOG_COMPILER_GENERATE_SWIFT_ASSET_SYMBOL_EXTENSIONS = YES;
				CLANG_ANALYZER_NONNULL = YES;
				CLANG_ANALYZER_NUMBER_OBJECT_CONVERSION = YES_AGGRESSIVE;
				CLANG_CXX_LANGUAGE_STANDARD = "gnu++20";
				CLANG_ENABLE_MODULES = YES;
				CLANG_ENABLE_OBJC_ARC = YES;
				CLANG_ENABLE_OBJC_WEAK = YES;
				CLANG_WARN_BLOCK_CAPTURE_AUTORELEASING = YES;
				CLANG_WARN_BOOL_CONVERSION = YES;
				CLANG_WARN_COMMA = YES;
				CLANG_WARN_CONSTANT_CONVERSION = YES;
				CLANG_WARN_DEPRECATED_OBJC_IMPLEMENTATIONS = YES;
				CLANG_WARN_DIRECT_OBJC_ISA_USAGE = YES_ERROR;
				CLANG_WARN_DOCUMENTATION_COMMENTS = YES;
				CLANG_WARN_EMPTY_BODY = YES;
				CLANG_WARN_ENUM_CONVERSION = YES;
				CLANG_WARN_INFINITE_RECURSION = YES;
				CLANG_WARN_INT_CONVERSION = YES;
				CLANG_WARN_NON_LITERAL_NULL_CONVERSION = YES;
				CLANG_WARN_OBJC_IMPLICIT_RETAIN_SELF = YES;
				CLANG_WARN_OBJC_LITERAL_CONVERSION = YES;
				CLANG_WARN_OBJC_ROOT_CLASS = YES_ERROR;
				CLANG_WARN_QUOTED_INCLUDE_IN_FRAMEWORK_HEADER = YES;
				CLANG_WARN_RANGE_LOOP_ANALYSIS = YES;
				CLANG_WARN_STRICT_PROTOTYPES = YES;
				CLANG_WARN_SUSPICIOUS_MOVE = YES;
				CLANG_WARN_UNGUARDED_AVAILABILITY = YES_AGGRESSIVE;
				CLANG_WARN_UNREACHABLE_CODE = YES;
				CLANG_WARN__DUPLICATE_METHOD_MATCH = YES;
				COPY_PHASE_STRIP = NO;
				DEBUG_INFORMATION_FORMAT = "dwarf-with-dsym";
				DEVELOPMENT_TEAM = 9W9PZ48ZRL;
				ENABLE_NS_ASSERTIONS = NO;
				ENABLE_STRICT_OBJC_MSGSEND = YES;
				ENABLE_USER_SCRIPT_SANDBOXING = YES;
				GCC_C_LANGUAGE_STANDARD = gnu17;
				GCC_NO_COMMON_BLOCKS = YES;
				GCC_WARN_64_TO_32_BIT_CONVERSION = YES;
				GCC_WARN_ABOUT_RETURN_TYPE = YES_ERROR;
				GCC_WARN_UNDECLARED_SELECTOR = YES;
				GCC_WARN_UNINITIALIZED_AUTOS = YES_AGGRESSIVE;
				GCC_WARN_UNUSED_FUNCTION = YES;
				GCC_WARN_UNUSED_VARIABLE = YES;
				IPHONEOS_DEPLOYMENT_TARGET = 18.5;
				LOCALIZATION_PREFERS_STRING_CATALOGS = YES;
				MTL_ENABLE_DEBUG_INFO = NO;
				MTL_FAST_MATH = YES;
				SDKROOT = iphoneos;
				SWIFT_COMPILATION_MODE = wholemodule;
				VALIDATE_PRODUCT = YES;
			};
			name = Release;
		};
		3531FC462E497ECD000F2CD7 /* Debug */ = {
			isa = XCBuildConfiguration;
			buildSettings = {
				ASSETCATALOG_COMPILER_APPICON_NAME = AppIcon;
				ASSETCATALOG_COMPILER_GLOBAL_ACCENT_COLOR_NAME = AccentColor;
				CODE_SIGN_STYLE = Automatic;
				CURRENT_PROJECT_VERSION = 1;
				DEVELOPMENT_TEAM = 9W9PZ48ZRL;
				ENABLE_PREVIEWS = YES;
				GENERATE_INFOPLIST_FILE = YES;
				INFOPLIST_KEY_UIApplicationSceneManifest_Generation = YES;
				INFOPLIST_KEY_UIApplicationSupportsIndirectInputEvents = YES;
				INFOPLIST_KEY_UILaunchScreen_Generation = YES;
				INFOPLIST_KEY_UISupportedInterfaceOrientations_iPad = "UIInterfaceOrientationPortrait UIInterfaceOrientationPortraitUpsideDown UIInterfaceOrientationLandscapeLeft UIInterfaceOrientationLandscapeRight";
				INFOPLIST_KEY_UISupportedInterfaceOrientations_iPhone = "UIInterfaceOrientationPortrait UIInterfaceOrientationLandscapeLeft UIInterfaceOrientationLandscapeRight";
				LD_RUNPATH_SEARCH_PATHS = (
					"$(inherited)",
					"@executable_path/Frameworks",
				);
				MARKETING_VERSION = 1.0;
				PRODUCT_BUNDLE_IDENTIFIER = "mobi.gnagz.ridesharertracker.Rideshare-Tracker";
				PRODUCT_NAME = "$(TARGET_NAME)";
				SWIFT_EMIT_LOC_STRINGS = YES;
				SWIFT_VERSION = 5.0;
				TARGETED_DEVICE_FAMILY = "1,2";
			};
			name = Debug;
		};
		3531FC472E497ECD000F2CD7 /* Release */ = {
			isa = XCBuildConfiguration;
			buildSettings = {
				ASSETCATALOG_COMPILER_APPICON_NAME = AppIcon;
				ASSETCATALOG_COMPILER_GLOBAL_ACCENT_COLOR_NAME = AccentColor;
				CODE_SIGN_STYLE = Automatic;
				CURRENT_PROJECT_VERSION = 1;
				DEVELOPMENT_TEAM = 9W9PZ48ZRL;
				ENABLE_PREVIEWS = YES;
				GENERATE_INFOPLIST_FILE = YES;
				INFOPLIST_KEY_UIApplicationSceneManifest_Generation = YES;
				INFOPLIST_KEY_UIApplicationSupportsIndirectInputEvents = YES;
				INFOPLIST_KEY_UILaunchScreen_Generation = YES;
				INFOPLIST_KEY_UISupportedInterfaceOrientations_iPad = "UIInterfaceOrientationPortrait UIInterfaceOrientationPortraitUpsideDown UIInterfaceOrientationLandscapeLeft UIInterfaceOrientationLandscapeRight";
				INFOPLIST_KEY_UISupportedInterfaceOrientations_iPhone = "UIInterfaceOrientationPortrait UIInterfaceOrientationLandscapeLeft UIInterfaceOrientationLandscapeRight";
				LD_RUNPATH_SEARCH_PATHS = (
					"$(inherited)",
					"@executable_path/Frameworks",
				);
				MARKETING_VERSION = 1.0;
				PRODUCT_BUNDLE_IDENTIFIER = "mobi.gnagz.ridesharertracker.Rideshare-Tracker";
				PRODUCT_NAME = "$(TARGET_NAME)";
				SWIFT_EMIT_LOC_STRINGS = YES;
				SWIFT_VERSION = 5.0;
				TARGETED_DEVICE_FAMILY = "1,2";
			};
			name = Release;
		};
		3531FC492E497ECD000F2CD7 /* Debug */ = {
			isa = XCBuildConfiguration;
			buildSettings = {
				BUNDLE_LOADER = "$(TEST_HOST)";
				CODE_SIGN_STYLE = Automatic;
				CURRENT_PROJECT_VERSION = 1;
				DEVELOPMENT_TEAM = 9W9PZ48ZRL;
				GENERATE_INFOPLIST_FILE = YES;
				IPHONEOS_DEPLOYMENT_TARGET = 18.5;
				MARKETING_VERSION = 1.0;
				PRODUCT_BUNDLE_IDENTIFIER = "mobi.gnagz.ridesharertracker.Rideshare-TrackerTests";
				PRODUCT_NAME = "$(TARGET_NAME)";
				SWIFT_EMIT_LOC_STRINGS = NO;
				SWIFT_VERSION = 5.0;
				TARGETED_DEVICE_FAMILY = "1,2";
				TEST_HOST = "$(BUILT_PRODUCTS_DIR)/Rideshare Tracker.app/$(BUNDLE_EXECUTABLE_FOLDER_PATH)/Rideshare Tracker";
			};
			name = Debug;
		};
		3531FC4A2E497ECD000F2CD7 /* Release */ = {
			isa = XCBuildConfiguration;
			buildSettings = {
				BUNDLE_LOADER = "$(TEST_HOST)";
				CODE_SIGN_STYLE = Automatic;
				CURRENT_PROJECT_VERSION = 1;
				DEVELOPMENT_TEAM = 9W9PZ48ZRL;
				GENERATE_INFOPLIST_FILE = YES;
				IPHONEOS_DEPLOYMENT_TARGET = 18.5;
				MARKETING_VERSION = 1.0;
				PRODUCT_BUNDLE_IDENTIFIER = "mobi.gnagz.ridesharertracker.Rideshare-TrackerTests";
				PRODUCT_NAME = "$(TARGET_NAME)";
				SWIFT_EMIT_LOC_STRINGS = NO;
				SWIFT_VERSION = 5.0;
				TARGETED_DEVICE_FAMILY = "1,2";
				TEST_HOST = "$(BUILT_PRODUCTS_DIR)/Rideshare Tracker.app/$(BUNDLE_EXECUTABLE_FOLDER_PATH)/Rideshare Tracker";
			};
			name = Release;
		};
		3531FC4C2E497ECD000F2CD7 /* Debug */ = {
			isa = XCBuildConfiguration;
			buildSettings = {
				CODE_SIGN_STYLE = Automatic;
				CURRENT_PROJECT_VERSION = 1;
				DEVELOPMENT_TEAM = 9W9PZ48ZRL;
				GENERATE_INFOPLIST_FILE = YES;
				MARKETING_VERSION = 1.0;
				PRODUCT_BUNDLE_IDENTIFIER = "mobi.gnagz.ridesharertracker.Rideshare-TrackerUITests";
				PRODUCT_NAME = "$(TARGET_NAME)";
				SWIFT_EMIT_LOC_STRINGS = NO;
				SWIFT_VERSION = 5.0;
				TARGETED_DEVICE_FAMILY = "1,2";
				TEST_TARGET_NAME = "Rideshare Tracker";
			};
			name = Debug;
		};
		3531FC4D2E497ECD000F2CD7 /* Release */ = {
			isa = XCBuildConfiguration;
			buildSettings = {
				CODE_SIGN_STYLE = Automatic;
				CURRENT_PROJECT_VERSION = 1;
				DEVELOPMENT_TEAM = 9W9PZ48ZRL;
				GENERATE_INFOPLIST_FILE = YES;
				MARKETING_VERSION = 1.0;
				PRODUCT_BUNDLE_IDENTIFIER = "mobi.gnagz.ridesharertracker.Rideshare-TrackerUITests";
				PRODUCT_NAME = "$(TARGET_NAME)";
				SWIFT_EMIT_LOC_STRINGS = NO;
				SWIFT_VERSION = 5.0;
				TARGETED_DEVICE_FAMILY = "1,2";
				TEST_TARGET_NAME = "Rideshare Tracker";
			};
			name = Release;
		};
/* End XCBuildConfiguration section */

/* Begin XCConfigurationList section */
		3531FC1F2E497ECC000F2CD7 /* Build configuration list for PBXProject "Rideshare Tracker" */ = {
			isa = XCConfigurationList;
			buildConfigurations = (
				3531FC432E497ECD000F2CD7 /* Debug */,
				3531FC442E497ECD000F2CD7 /* Release */,
			);
			defaultConfigurationIsVisible = 0;
			defaultConfigurationName = Release;
		};
		3531FC452E497ECD000F2CD7 /* Build configuration list for PBXNativeTarget "Rideshare Tracker" */ = {
			isa = XCConfigurationList;
			buildConfigurations = (
				3531FC462E497ECD000F2CD7 /* Debug */,
				3531FC472E497ECD000F2CD7 /* Release */,
			);
			defaultConfigurationIsVisible = 0;
			defaultConfigurationName = Release;
		};
		3531FC482E497ECD000F2CD7 /* Build configuration list for PBXNativeTarget "Rideshare TrackerTests" */ = {
			isa = XCConfigurationList;
			buildConfigurations = (
				3531FC492E497ECD000F2CD7 /* Debug */,
				3531FC4A2E497ECD000F2CD7 /* Release */,
			);
			defaultConfigurationIsVisible = 0;
			defaultConfigurationName = Release;
		};
		3531FC4B2E497ECD000F2CD7 /* Build configuration list for PBXNativeTarget "Rideshare TrackerUITests" */ = {
			isa = XCConfigurationList;
			buildConfigurations = (
				3531FC4C2E497ECD000F2CD7 /* Debug */,
				3531FC4D2E497ECD000F2CD7 /* Release */,
			);
			defaultConfigurationIsVisible = 0;
			defaultConfigurationName = Release;
		};
/* End XCConfigurationList section */
	};
	rootObject = 3531FC1C2E497ECC000F2CD7 /* Project object */;
}
